<Solution>
    <Project Path="src/Compuse.Contracts/Compuse.Contracts.csproj" />
    <Project Path="src/Compuse.Protocol/Compuse.Protocol.csproj" />
    <Project Path="tests/Compuse.Contracts.Tests/Compuse.Contracts.Tests.csproj" />
    <Project Path="tests/Compuse.Protocol.Tests/Compuse.Protocol.Tests.csproj" />
</Solution>
